Microsoft Visual Studio Solution File, Format Version 12.00
# Visual Studio Version 17
VisualStudioVersion = 17.5.2.0
MinimumVisualStudioVersion = 10.0.40219.1
Project("{FAE04EC0-301F-11D3-BF4B-00C04F79EFBC}") = "JSON-muppets", "JSON-muppets.csproj", "{B94B800A-4530-0B8F-CF28-3B9925EBAF6A}"
EndProject
Global
	GlobalSection(SolutionConfigurationPlatforms) = preSolution
		Debug|Any CPU = Debug|Any CPU
		Release|Any CPU = Release|Any CPU
	EndGlobalSection
	GlobalSection(ProjectConfigurationPlatforms) = postSolution
		{B94B800A-4530-0B8F-CF28-3B9925EBAF6A}.Debug|Any CPU.ActiveCfg = Debug|Any CPU
		{B94B800A-4530-0B8F-CF28-3B9925EBAF6A}.Debug|Any CPU.Build.0 = Debug|Any CPU
		{B94B800A-4530-0B8F-CF28-3B9925EBAF6A}.Release|Any CPU.ActiveCfg = Release|Any CPU
		{B94B800A-4530-0B8F-CF28-3B9925EBAF6A}.Release|Any CPU.Build.0 = Release|Any CPU
	EndGlobalSection
	GlobalSection(SolutionProperties) = preSolution
		HideSolutionNode = FALSE
	EndGlobalSection
	GlobalSection(ExtensibilityGlobals) = postSolution
		SolutionGuid = {2FB81CD3-F132-4B18-90D1-63D70800E9FB}
	EndGlobalSection
EndGlobal
